speakeasyVersion: 1.761.9
sources:
    Squadcast:
        sourceNamespace: squadcast
        sourceRevisionDigest: sha256:8a44dacac969ecb87275dbb4dffc63782366a1ffb4147a33c8f92fdb7fdef7af
        sourceBlobDigest: sha256:6326ae8fe5ee301f6cca284cb2b4b0375f168aa412906721b2259723b5d5ef42
        tags:
            - latest
            - 1.0.0
targets:
    squadcast-sdk:
        source: Squadcast
        sourceNamespace: squadcast
        sourceRevisionDigest: sha256:8a44dacac969ecb87275dbb4dffc63782366a1ffb4147a33c8f92fdb7fdef7af
        sourceBlobDigest: sha256:6326ae8fe5ee301f6cca284cb2b4b0375f168aa412906721b2259723b5d5ef42
        codeSamplesNamespace: squadcast-typescript-typescript-python-code-samples
        codeSamplesRevisionDigest: sha256:fa01e036cf171e8cbb3502967e35ba8b717ecb03b5b15abfcbbfeb0a7748f5f8
workflow:
    workflowVersion: 1.0.0
    speakeasyVersion: latest
    sources:
        Squadcast:
            inputs:
                - location: https://raw.githubusercontent.com/solarwinds-cloud/sq-squadcast-public-api-docs/main/build/openapi3/openapi.json
                  authHeader: Authorization
                  authSecret: $openapi_doc_auth_token
            overlays:
                - location: .speakeasy/speakeasy-modifications-overlay.yaml
            output: .speakeasy/out.openapi.yaml
            registry:
                location: registry.speakeasyapi.dev/swo/incident-response/squadcast
    targets:
        squadcast-sdk:
            target: python
            source: Squadcast
            output: squadcastv1
            publish:
                pypi:
                    token: $pypi_token
            codeSamples:
                registry:
                    location: registry.speakeasyapi.dev/swo/incident-response/squadcast-typescript-typescript-python-code-samples
                labelOverride:
                    fixedValue: Python (SDK)
                blocking: false
            testing:
                enabled: false
