speakeasyVersion: 1.755.0
sources:
    Squadcast:
        sourceNamespace: squadcast
        sourceRevisionDigest: sha256:ad3b5a4744b9b2284c319250d11327dae6affeb267a6c9c4f8403d37ad1d4600
        sourceBlobDigest: sha256:0accf01f0b01b79a0647f3c1815d1e8e791529fd7ade9b962280a117161d2a7f
        tags:
            - latest
            - 1.0.0
targets:
    squadcast-sdk:
        source: Squadcast
        sourceNamespace: squadcast
        sourceRevisionDigest: sha256:ad3b5a4744b9b2284c319250d11327dae6affeb267a6c9c4f8403d37ad1d4600
        sourceBlobDigest: sha256:0accf01f0b01b79a0647f3c1815d1e8e791529fd7ade9b962280a117161d2a7f
        codeSamplesNamespace: squadcast-typescript-typescript-python-code-samples
        codeSamplesRevisionDigest: sha256:285ec1ba8d04d1a2328f7c80a12a48eb991f7f854acd4b41c3fa8841d4783f80
workflow:
    workflowVersion: 1.0.0
    speakeasyVersion: latest
    sources:
        Squadcast:
            inputs:
                - location: https://raw.githubusercontent.com/solarwinds-cloud/sq-squadcast-public-api-docs/main/build/openapi3/openapi.json
                  authHeader: Authorization
                  authSecret: $openapi_doc_auth_token
            overlays:
                - location: .speakeasy/speakeasy-modifications-overlay.yaml
            output: .speakeasy/out.openapi.yaml
            registry:
                location: registry.speakeasyapi.dev/swo/incident-response/squadcast
    targets:
        squadcast-sdk:
            target: python
            source: Squadcast
            output: squadcastv1
            publish:
                pypi:
                    token: $pypi_token
            codeSamples:
                registry:
                    location: registry.speakeasyapi.dev/swo/incident-response/squadcast-typescript-typescript-python-code-samples
                labelOverride:
                    fixedValue: Python (SDK)
                blocking: false
            testing:
                enabled: false
