speakeasyVersion: 1.755.0
sources:
    Squadcast:
        sourceNamespace: squadcast
        sourceRevisionDigest: sha256:4b643e1070000f4fffcfdd1c4b072dccd2f7d1c49351d1df1c42422e7c0a02cd
        sourceBlobDigest: sha256:dee2aaab1763f53cf66cb817ee18974fd752dcf0f2de1bcb4f581c62567500c1
        tags:
            - latest
            - 1.0.0
targets:
    squadcast-sdk:
        source: Squadcast
        sourceNamespace: squadcast
        sourceRevisionDigest: sha256:4b643e1070000f4fffcfdd1c4b072dccd2f7d1c49351d1df1c42422e7c0a02cd
        sourceBlobDigest: sha256:dee2aaab1763f53cf66cb817ee18974fd752dcf0f2de1bcb4f581c62567500c1
        codeSamplesNamespace: squadcast-typescript-typescript-python-code-samples
        codeSamplesRevisionDigest: sha256:d5e7cbb00c03c3aa1953bf42c127c2cc6c532cae83fb8c926b51fcd5e96cf195
workflow:
    workflowVersion: 1.0.0
    speakeasyVersion: latest
    sources:
        Squadcast:
            inputs:
                - location: https://raw.githubusercontent.com/solarwinds-cloud/sq-squadcast-public-api-docs/main/build/openapi3/openapi.json
                  authHeader: Authorization
                  authSecret: $openapi_doc_auth_token
            overlays:
                - location: .speakeasy/speakeasy-modifications-overlay.yaml
            output: .speakeasy/out.openapi.yaml
            registry:
                location: registry.speakeasyapi.dev/swo/incident-response/squadcast
    targets:
        squadcast-sdk:
            target: python
            source: Squadcast
            output: squadcastv1
            publish:
                pypi:
                    token: $pypi_token
            codeSamples:
                registry:
                    location: registry.speakeasyapi.dev/swo/incident-response/squadcast-typescript-typescript-python-code-samples
                labelOverride:
                    fixedValue: Python (SDK)
                blocking: false
            testing:
                enabled: false
